
Microsoft Visual Studio Solution File, Format Version 12.00
# Visual Studio 15
VisualStudioVersion = 15.0.27130.2010
MinimumVisualStudioVersion = 10.0.40219.1
Project("{FAE04EC0-301F-11D3-BF4B-00C04F79EFBC}") = "Kata", "Kata\Kata.csproj", "{AF5EA350-5B25-45B0-A6CD-302119C3D738}"
EndProject
Project("{FAE04EC0-301F-11D3-BF4B-00C04F79EFBC}") = "KataTest", "KataTest\KataTest.csproj", "{952B0EE9-595A-4C98-A486-14E6338F4DF2}"
EndProject
Global
	GlobalSection(SolutionConfigurationPlatforms) = preSolution
		Debug|Any CPU = Debug|Any CPU
		Release|Any CPU = Release|Any CPU
	EndGlobalSection
	GlobalSection(ProjectConfigurationPlatforms) = postSolution
		{AF5EA350-5B25-45B0-A6CD-302119C3D738}.Debug|Any CPU.ActiveCfg = Debug|Any CPU
		{AF5EA350-5B25-45B0-A6CD-302119C3D738}.Debug|Any CPU.Build.0 = Debug|Any CPU
		{AF5EA350-5B25-45B0-A6CD-302119C3D738}.Release|Any CPU.ActiveCfg = Release|Any CPU
		{AF5EA350-5B25-45B0-A6CD-302119C3D738}.Release|Any CPU.Build.0 = Release|Any CPU
		{952B0EE9-595A-4C98-A486-14E6338F4DF2}.Debug|Any CPU.ActiveCfg = Debug|Any CPU
		{952B0EE9-595A-4C98-A486-14E6338F4DF2}.Debug|Any CPU.Build.0 = Debug|Any CPU
		{952B0EE9-595A-4C98-A486-14E6338F4DF2}.Release|Any CPU.ActiveCfg = Release|Any CPU
		{952B0EE9-595A-4C98-A486-14E6338F4DF2}.Release|Any CPU.Build.0 = Release|Any CPU
	EndGlobalSection
	GlobalSection(SolutionProperties) = preSolution
		HideSolutionNode = FALSE
	EndGlobalSection
	GlobalSection(ExtensibilityGlobals) = postSolution
		SolutionGuid = {B1FBC2B0-76C2-4DFC-9F12-2E27A9941B72}
	EndGlobalSection
EndGlobal
